PODS:
  - powersync-sqlite-core (0.1.8)

DEPENDENCIES:
  - powersync-sqlite-core (~> 0.1.7)

SPEC REPOS:
  trunk:
    - powersync-sqlite-core

SPEC CHECKSUMS:
  powersync-sqlite-core: 9325150c88515df0b5ea992007708588c3f01518

PODFILE CHECKSUM: 8cf511c85a2b785572c3553be7e62c9ab52dfd96

COCOAPODS: 1.15.2
